<Solution>
  <Folder Name="/src/" />
  <Folder Name="/src/OrderService/">
    <Project Path="src/OrderService/OrderService.Api/OrderService.Api.csproj" />
    <Project Path="src/OrderService/OrderService.Application/OrderService.Application.csproj" />
    <Project Path="src/OrderService/OrderService.Domain/OrderService.Domain.csproj" />
    <Project Path="src/OrderService/OrderService.Infrastructure/OrderService.Infrastructure.csproj" />
  </Folder>
  <Folder Name="/tests/">
    <Project Path="tests/OrderService.UnitTests/OrderService.UnitTests.csproj" />
  </Folder>
</Solution>
